<?xml version="1.0" encoding="utf-8"?>
<Project ToolsVersion="4.0" xmlns="http://schemas.microsoft.com/developer/msbuild/2003">
  <ItemGroup>
    <Filter Include="Source Files">
      <UniqueIdentifier>{4FC737F1-C7A5-4376-A066-2A32D752A2FF}</UniqueIdentifier>
      <Extensions>cpp;c;cc;cxx;def;odl;idl;hpj;bat;asm;asmx</Extensions>
    </Filter>
    <Filter Include="Header Files">
      <UniqueIdentifier>{93995380-89BD-4b04-88EB-625FBE52EBFB}</UniqueIdentifier>
      <Extensions>h;hh;hpp;hxx;hm;inl;inc;xsd</Extensions>
    </Filter>
    <Filter Include="Resource Files">
      <UniqueIdentifier>{67DA6AB6-F800-4c08-8B7A-83BB121AAD01}</UniqueIdentifier>
      <Extensions>rc;ico;cur;bmp;dlg;rc2;rct;bin;rgs;gif;jpg;jpeg;jpe;resx;tiff;tif;png;wav;mfcribbon-ms</Extensions>
    </Filter>
    <Filter Include="GeoTIFF-Parser">
      <UniqueIdentifier>{3639792d-e8d7-4622-8043-7ec0cc16fef8}</UniqueIdentifier>
    </Filter>
    <Filter Include="GeoTIFF-Parser\Header Files">
      <UniqueIdentifier>{12d55cdc-1675-45f8-92e0-7c0875a33d02}</UniqueIdentifier>
    </Filter>
    <Filter Include="GeoTIFF-Parser\Source Files">
      <UniqueIdentifier>{3f03995b-8dca-4b7e-b34b-29ad85e8737a}</UniqueIdentifier>
    </Filter>
    <Filter Include="Array2D">
      <UniqueIdentifier>{3c2befc3-cf36-47b8-b796-d5fe78e9c204}</UniqueIdentifier>
    </Filter>
    <Filter Include="DearIMGUI">
      <UniqueIdentifier>{1b0503c5-130e-4b95-8e3b-e5d382df66d5}</UniqueIdentifier>
    </Filter>
    <Filter Include="DearIMGUI\Header Files">
      <UniqueIdentifier>{78f4f88a-9014-458c-b699-54bebf1f4cdc}</UniqueIdentifier>
    </Filter>
    <Filter Include="DearIMGUI\Source Files">
      <UniqueIdentifier>{7294e54c-8887-477f-b367-700d0c4be1c7}</UniqueIdentifier>
    </Filter>
    <Filter Include="GUI">
      <UniqueIdentifier>{febe2679-9c75-40b7-a642-0d8fa91e3fcd}</UniqueIdentifier>
    </Filter>
    <Filter Include="GUI\WindowDefs">
      <UniqueIdentifier>{6dcfd876-dad9-4146-938f-f73aace923e3}</UniqueIdentifier>
    </Filter>
  </ItemGroup>
  <ItemGroup>
    <ClCompile Include="Source.cpp">
      <Filter>Source Files</Filter>
    </ClCompile>
    <ClCompile Include="KML_Parser.cpp">
      <Filter>Source Files</Filter>
    </ClCompile>
    <ClCompile Include="SHP_Parser.cpp">
      <Filter>Source Files</Filter>
    </ClCompile>
    <ClCompile Include="ProfileMaker.cpp">
      <Filter>Source Files</Filter>
    </ClCompile>
    <ClCompile Include="GeoTIFF-Parser\Decompressor.cpp">
      <Filter>GeoTIFF-Parser\Source Files</Filter>
    </ClCompile>
    <ClCompile Include="GeoTIFF-Parser\GeoTIFF_Parser.cpp">
      <Filter>GeoTIFF-Parser\Source Files</Filter>
    </ClCompile>
    <ClCompile Include="GeoTIFF-Parser\GeoTIFF_Parser_Globals.cpp">
      <Filter>GeoTIFF-Parser\Source Files</Filter>
    </ClCompile>
    <ClCompile Include="Array2D\Array2D.cpp">
      <Filter>Array2D</Filter>
    </ClCompile>
    <ClCompile Include="DearIMGUI\Implementation\imgui_impl_dx11.cpp">
      <Filter>DearIMGUI\Source Files</Filter>
    </ClCompile>
    <ClCompile Include="DearIMGUI\Implementation\imgui_impl_win32.cpp">
      <Filter>DearIMGUI\Source Files</Filter>
    </ClCompile>
    <ClCompile Include="DearIMGUI\imgui.cpp">
      <Filter>DearIMGUI\Source Files</Filter>
    </ClCompile>
    <ClCompile Include="DearIMGUI\imgui_demo.cpp">
      <Filter>DearIMGUI\Source Files</Filter>
    </ClCompile>
    <ClCompile Include="DearIMGUI\imgui_draw.cpp">
      <Filter>DearIMGUI\Source Files</Filter>
    </ClCompile>
    <ClCompile Include="DearIMGUI\imgui_widgets.cpp">
      <Filter>DearIMGUI\Source Files</Filter>
    </ClCompile>
    <ClCompile Include="GUIHandler.cpp">
      <Filter>GUI</Filter>
    </ClCompile>
    <ClCompile Include="FilesystemBrowser.cpp">
      <Filter>GUI\WindowDefs</Filter>
    </ClCompile>
    <ClCompile Include="LogWindow.cpp">
      <Filter>GUI\WindowDefs</Filter>
    </ClCompile>
    <ClCompile Include="MainWindow.cpp">
      <Filter>GUI\WindowDefs</Filter>
    </ClCompile>
    <ClCompile Include="Settings.cpp">
      <Filter>Source Files</Filter>
    </ClCompile>
  </ItemGroup>
  <ItemGroup>
    <ClInclude Include="main.h">
      <Filter>Header Files</Filter>
    </ClInclude>
    <ClInclude Include="KML_Parser.h">
      <Filter>Header Files</Filter>
    </ClInclude>
    <ClInclude Include="SHP_Parser.h">
      <Filter>Header Files</Filter>
    </ClInclude>
    <ClInclude Include="Array2D.h">
      <Filter>Header Files</Filter>
    </ClInclude>
    <ClInclude Include="ProfileMaker.h">
      <Filter>Header Files</Filter>
    </ClInclude>
    <ClInclude Include="Globals.h">
      <Filter>Header Files</Filter>
    </ClInclude>
    <ClInclude Include="GeoTIFF-Parser\Decompressor.h">
      <Filter>GeoTIFF-Parser\Header Files</Filter>
    </ClInclude>
    <ClInclude Include="GeoTIFF-Parser\GeoTIFF_Parser.h">
      <Filter>GeoTIFF-Parser\Header Files</Filter>
    </ClInclude>
    <ClInclude Include="GeoTIFF-Parser\GeoTIFF_Parser_Globals.h">
      <Filter>GeoTIFF-Parser\Header Files</Filter>
    </ClInclude>
    <ClInclude Include="Array2D\Array2D.h">
      <Filter>Array2D</Filter>
    </ClInclude>
    <ClInclude Include="DearIMGUI\imconfig.h">
      <Filter>DearIMGUI\Header Files</Filter>
    </ClInclude>
    <ClInclude Include="DearIMGUI\imgui.h">
      <Filter>DearIMGUI\Header Files</Filter>
    </ClInclude>
    <ClInclude Include="DearIMGUI\imgui_internal.h">
      <Filter>DearIMGUI\Header Files</Filter>
    </ClInclude>
    <ClInclude Include="DearIMGUI\imstb_rectpack.h">
      <Filter>DearIMGUI\Header Files</Filter>
    </ClInclude>
    <ClInclude Include="DearIMGUI\imstb_textedit.h">
      <Filter>DearIMGUI\Header Files</Filter>
    </ClInclude>
    <ClInclude Include="DearIMGUI\imstb_truetype.h">
      <Filter>DearIMGUI\Header Files</Filter>
    </ClInclude>
    <ClInclude Include="DearIMGUI\Implementation\imgui_impl_dx11.h">
      <Filter>DearIMGUI\Header Files</Filter>
    </ClInclude>
    <ClInclude Include="DearIMGUI\Implementation\imgui_impl_win32.h">
      <Filter>DearIMGUI\Header Files</Filter>
    </ClInclude>
    <ClInclude Include="GUIHandler.h">
      <Filter>GUI</Filter>
    </ClInclude>
    <ClInclude Include="FilesystemBrowser.h">
      <Filter>GUI\WindowDefs</Filter>
    </ClInclude>
    <ClInclude Include="LogWindow.h">
      <Filter>GUI\WindowDefs</Filter>
    </ClInclude>
    <ClInclude Include="MainWindow.h">
      <Filter>GUI\WindowDefs</Filter>
    </ClInclude>
    <ClInclude Include="Settings.h">
      <Filter>Header Files</Filter>
    </ClInclude>
  </ItemGroup>
  <ItemGroup>
    <None Include="..\.gitattributes" />
    <None Include="..\.gitignore" />
    <None Include="..\README.md" />
  </ItemGroup>
</Project>